
Microsoft Visual Studio Solution File, Format Version 12.00
# Visual Studio Version 16
VisualStudioVersion = 16.0.30621.155
MinimumVisualStudioVersion = 10.0.40219.1
Project("{FAE04EC0-301F-11D3-BF4B-00C04F79EFBC}") = "CanchaFinal", "CanchaFinal\CanchaFinal.csproj", "{ED01B22B-E748-4B18-982F-DAFD90B40325}"
EndProject
Project("{FAE04EC0-301F-11D3-BF4B-00C04F79EFBC}") = "CanchaConexion", "CanchaConexion\CanchaConexion.csproj", "{CCF76EB7-FDD9-4B34-91BC-F115C11FE129}"
EndProject
Project("{FAE04EC0-301F-11D3-BF4B-00C04F79EFBC}") = "CanchaClienteFinal", "CanchaClienteFinal\CanchaClienteFinal.csproj", "{54FD2AE2-7584-498A-A5B7-BA75BA23023E}"
EndProject
Global
	GlobalSection(SolutionConfigurationPlatforms) = preSolution
		Debug|Any CPU = Debug|Any CPU
		Release|Any CPU = Release|Any CPU
	EndGlobalSection
	GlobalSection(ProjectConfigurationPlatforms) = postSolution
		{ED01B22B-E748-4B18-982F-DAFD90B40325}.Debug|Any CPU.ActiveCfg = Debug|Any CPU
		{ED01B22B-E748-4B18-982F-DAFD90B40325}.Debug|Any CPU.Build.0 = Debug|Any CPU
		{ED01B22B-E748-4B18-982F-DAFD90B40325}.Release|Any CPU.ActiveCfg = Release|Any CPU
		{ED01B22B-E748-4B18-982F-DAFD90B40325}.Release|Any CPU.Build.0 = Release|Any CPU
		{CCF76EB7-FDD9-4B34-91BC-F115C11FE129}.Debug|Any CPU.ActiveCfg = Debug|Any CPU
		{CCF76EB7-FDD9-4B34-91BC-F115C11FE129}.Debug|Any CPU.Build.0 = Debug|Any CPU
		{CCF76EB7-FDD9-4B34-91BC-F115C11FE129}.Release|Any CPU.ActiveCfg = Release|Any CPU
		{CCF76EB7-FDD9-4B34-91BC-F115C11FE129}.Release|Any CPU.Build.0 = Release|Any CPU
		{54FD2AE2-7584-498A-A5B7-BA75BA23023E}.Debug|Any CPU.ActiveCfg = Debug|Any CPU
		{54FD2AE2-7584-498A-A5B7-BA75BA23023E}.Debug|Any CPU.Build.0 = Debug|Any CPU
		{54FD2AE2-7584-498A-A5B7-BA75BA23023E}.Release|Any CPU.ActiveCfg = Release|Any CPU
		{54FD2AE2-7584-498A-A5B7-BA75BA23023E}.Release|Any CPU.Build.0 = Release|Any CPU
	EndGlobalSection
	GlobalSection(SolutionProperties) = preSolution
		HideSolutionNode = FALSE
	EndGlobalSection
	GlobalSection(ExtensibilityGlobals) = postSolution
		SolutionGuid = {8D8159B8-1E9B-4CEC-ACE7-74F3E375C39D}
	EndGlobalSection
EndGlobal
